{
    "_readme": [
        "This file locks the dependencies of your project to a known state",
        "Read more about it at https://getcomposer.org/doc/01-basic-usage.md#installing-dependencies",
        "This file is @generated automatically"
    ],
    "content-hash": "2e517a5480797fccb5b22fbed5283e83",
    "packages": [
        {
            "name": "ktomk/symfony-yaml",
            "version": "v2.6.13.2",
            "target-dir": "Symfony/Component/Yaml",
            "source": {
                "type": "git",
                "url": "https://github.com/ktomk/yaml.git",
                "reference": "421778da5694a9c03fc1c3e57338b935c4a6ae3c"
            },
            "dist": {
                "type": "zip",
                "url": "https://api.github.com/repos/ktomk/yaml/zipball/421778da5694a9c03fc1c3e57338b935c4a6ae3c",
                "reference": "421778da5694a9c03fc1c3e57338b935c4a6ae3c",
                "shasum": ""
            },
            "require": {
                "php": ">=5.3.3"
            },
            "require-dev": {
                "symfony/phpunit-bridge": "~2.7"
            },
            "type": "library",
            "extra": {
                "branch-alias": {
                    "dev-master": "2.6-dev"
                }
            },
            "autoload": {
                "psr-0": {
                    "Symfony\\Component\\Yaml\\": ""
                }
            },
            "notification-url": "https://packagist.org/downloads/",
            "license": [
                "MIT"
            ],
            "authors": [
                {
                    "name": "Fabien Potencier",
                    "email": "fabien@symfony.com"
                },
                {
                    "name": "Symfony Community",
                    "homepage": "https://symfony.com/contributors"
                }
            ],
            "description": "Symfony Yaml Component",
            "homepage": "https://symfony.com",
            "time": "2020-09-15T09:47:00+00:00"
        }
    ],
    "packages-dev": [],
    "aliases": [],
    "minimum-stability": "stable",
    "stability-flags": [],
    "prefer-stable": false,
    "prefer-lowest": false,
    "platform": {
        "php": "^5.3.3 || ^7.0 || ^8.0"
    },
    "platform-dev": [],
    "plugin-api-version": "1.1.0"
}
